
Microsoft Visual Studio Solution File, Format Version 12.00
# Visual Studio Version 16
VisualStudioVersion = 16.0.30611.23
MinimumVisualStudioVersion = 10.0.40219.1
Project("{FAE04EC0-301F-11D3-BF4B-00C04F79EFBC}") = "UdpSendor", "UdpSendor\UdpSendor.csproj", "{5F374E5B-EFEB-4C68-B23C-C76BF3BF087E}"
EndProject
Global
	GlobalSection(SolutionConfigurationPlatforms) = preSolution
		Debug|Any CPU = Debug|Any CPU
		Release|Any CPU = Release|Any CPU
	EndGlobalSection
	GlobalSection(ProjectConfigurationPlatforms) = postSolution
		{5F374E5B-EFEB-4C68-B23C-C76BF3BF087E}.Debug|Any CPU.ActiveCfg = Debug|Any CPU
		{5F374E5B-EFEB-4C68-B23C-C76BF3BF087E}.Debug|Any CPU.Build.0 = Debug|Any CPU
		{5F374E5B-EFEB-4C68-B23C-C76BF3BF087E}.Release|Any CPU.ActiveCfg = Release|Any CPU
		{5F374E5B-EFEB-4C68-B23C-C76BF3BF087E}.Release|Any CPU.Build.0 = Release|Any CPU
	EndGlobalSection
	GlobalSection(SolutionProperties) = preSolution
		HideSolutionNode = FALSE
	EndGlobalSection
	GlobalSection(ExtensibilityGlobals) = postSolution
		SolutionGuid = {0DBD1152-E6A8-48AD-9CFA-4244D1CD9FB2}
	EndGlobalSection
EndGlobal
